// !$*UTF8*$!
{
	archiveVersion = 1;
	classes = {
	};
	objectVersion = 46;
	objects = {

/* Begin PBXBuildFile section */
		37030DA21CEEEC6100283BEE /* AppDelegate.swift in Sources */ = {isa = PBXBuildFile; fileRef = 37030DA11CEEEC6100283BEE /* AppDelegate.swift */; };
		37030DA41CEEEC6100283BEE /* ViewController.swift in Sources */ = {isa = PBXBuildFile; fileRef = 37030DA31CEEEC6100283BEE /* ViewController.swift */; };
		37030DA71CEEEC6100283BEE /* Main.storyboard in Resources */ = {isa = PBXBuildFile; fileRef = 37030DA51CEEEC6100283BEE /* Main.storyboard */; };
		37030DA91CEEEC6100283BEE /* Assets.xcassets in Resources */ = {isa = PBXBuildFile; fileRef = 37030DA81CEEEC6100283BEE /* Assets.xcassets */; };
		37030DAC1CEEEC6100283BEE /* LaunchScreen.storyboard in Resources */ = {isa = PBXBuildFile; fileRef = 37030DAA1CEEEC6100283BEE /* LaunchScreen.storyboard */; };
		37030DB71CEEEC6200283BEE /* DemoOfTableAndCollectionViewTests.swift in Sources */ = {isa = PBXBuildFile; fileRef = 37030DB61CEEEC6200283BEE /* DemoOfTableAndCollectionViewTests.swift */; };
		37030DC21CEEEC6200283BEE /* DemoOfTableAndCollectionViewUITests.swift in Sources */ = {isa = PBXBuildFile; fileRef = 37030DC11CEEEC6200283BEE /* DemoOfTableAndCollectionViewUITests.swift */; };
		37030DD01CEEF45100283BEE /* MyTableViewCell.swift in Sources */ = {isa = PBXBuildFile; fileRef = 37030DCF1CEEF45100283BEE /* MyTableViewCell.swift */; };
		37519C111CF2EBC200B9A29F /* DetailViewController.swift in Sources */ = {isa = PBXBuildFile; fileRef = 37519C101CF2EBC200B9A29F /* DetailViewController.swift */; };
/* End PBXBuildFile section */

/* Begin PBXContainerItemProxy section */
		37030DB31CEEEC6200283BEE /* PBXContainerItemProxy */ = {
			isa = PBXContainerItemProxy;
			containerPortal = 37030D961CEEEC6000283BEE /* Project object */;
			proxyType = 1;
			remoteGlobalIDString = 37030D9D1CEEEC6000283BEE;
			remoteInfo = DemoOfTableAndCollectionView;
		};
		37030DBE1CEEEC6200283BEE /* PBXContainerItemProxy */ = {
			isa = PBXContainerItemProxy;
			containerPortal = 37030D961CEEEC6000283BEE /* Project object */;
			proxyType = 1;
			remoteGlobalIDString = 37030D9D1CEEEC6000283BEE;
			remoteInfo = DemoOfTableAndCollectionView;
		};
/* End PBXContainerItemProxy section */

/* Begin PBXFileReference section */
		37030D9E1CEEEC6000283BEE /* DemoOfTableAndCollectionView.app */ = {isa = PBXFileReference; explicitFileType = wrapper.application; includeInIndex = 0; path = DemoOfTableAndCollectionView.app; sourceTree = BUILT_PRODUCTS_DIR; };
		37030DA11CEEEC6100283BEE /* AppDelegate.swift */ = {isa = PBXFileReference; lastKnownFileType = sourcecode.swift; path = AppDelegate.swift; sourceTree = "<group>"; };
		37030DA31CEEEC6100283BEE /* ViewController.swift */ = {isa = PBXFileReference; lastKnownFileType = sourcecode.swift; path = ViewController.swift; sourceTree = "<group>"; };
		37030DA61CEEEC6100283BEE /* Base */ = {isa = PBXFileReference; lastKnownFileType = file.storyboard; name = Base; path = Base.lproj/Main.storyboard; sourceTree = "<group>"; };
		37030DA81CEEEC6100283BEE /* Assets.xcassets */ = {isa = PBXFileReference; lastKnownFileType = folder.assetcatalog; path = Assets.xcassets; sourceTree = "<group>"; };
		37030DAB1CEEEC6100283BEE /* Base */ = {isa = PBXFileReference; lastKnownFileType = file.storyboard; name = Base; path = Base.lproj/LaunchScreen.storyboard; sourceTree = "<group>"; };
		37030DAD1CEEEC6100283BEE /* Info.plist */ = {isa = PBXFileReference; lastKnownFileType = text.plist.xml; path = Info.plist; sourceTree = "<group>"; };
		37030DB21CEEEC6200283BEE /* DemoOfTableAndCollectionViewTests.xctest */ = {isa = PBXFileReference; explicitFileType = wrapper.cfbundle; includeInIndex = 0; path = DemoOfTableAndCollectionViewTests.xctest; sourceTree = BUILT_PRODUCTS_DIR; };
		37030DB61CEEEC6200283BEE /* DemoOfTableAndCollectionViewTests.swift */ = {isa = PBXFileReference; lastKnownFileType = sourcecode.swift; path = DemoOfTableAndCollectionViewTests.swift; sourceTree = "<group>"; };
		37030DB81CEEEC6200283BEE /* Info.plist */ = {isa = PBXFileReference; lastKnownFileType = text.plist.xml; path = Info.plist; sourceTree = "<group>"; };
		37030DBD1CEEEC6200283BEE /* DemoOfTableAndCollectionViewUITests.xctest */ = {isa = PBXFileReference; explicitFileType = wrapper.cfbundle; includeInIndex = 0; path = DemoOfTableAndCollectionViewUITests.xctest; sourceTree = BUILT_PRODUCTS_DIR; };
		37030DC11CEEEC6200283BEE /* DemoOfTableAndCollectionViewUITests.swift */ = {isa = PBXFileReference; lastKnownFileType = sourcecode.swift; path = DemoOfTableAndCollectionViewUITests.swift; sourceTree = "<group>"; };
		37030DC31CEEEC6200283BEE /* Info.plist */ = {isa = PBXFileReference; lastKnownFileType = text.plist.xml; path = Info.plist; sourceTree = "<group>"; };
		37030DCF1CEEF45100283BEE /* MyTableViewCell.swift */ = {isa = PBXFileReference; fileEncoding = 4; lastKnownFileType = sourcecode.swift; path = MyTableViewCell.swift; sourceTree = "<group>"; };
		37519C101CF2EBC200B9A29F /* DetailViewController.swift */ = {isa = PBXFileReference; fileEncoding = 4; lastKnownFileType = sourcecode.swift; path = DetailViewController.swift; sourceTree = "<group>"; };
/* End PBXFileReference section */

/* Begin PBXFrameworksBuildPhase section */
		37030D9B1CEEEC6000283BEE /* Frameworks */ = {
			isa = PBXFrameworksBuildPhase;
			buildActionMask = 2147483647;
			files = (
			);
			runOnlyForDeploymentPostprocessing = 0;
		};
		37030DAF1CEEEC6200283BEE /* Frameworks */ = {
			isa = PBXFrameworksBuildPhase;
			buildActionMask = 2147483647;
			files = (
			);
			runOnlyForDeploymentPostprocessing = 0;
		};
		37030DBA1CEEEC6200283BEE /* Frameworks */ = {
			isa = PBXFrameworksBuildPhase;
			buildActionMask = 2147483647;
			files = (
			);
			runOnlyForDeploymentPostprocessing = 0;
		};
/* End PBXFrameworksBuildPhase section */

/* Begin PBXGroup section */
		37030D951CEEEC6000283BEE = {
			isa = PBXGroup;
			children = (
				37030DA01CEEEC6100283BEE /* DemoOfTableAndCollectionView */,
				37030DB51CEEEC6200283BEE /* DemoOfTableAndCollectionViewTests */,
				37030DC01CEEEC6200283BEE /* DemoOfTableAndCollectionViewUITests */,
				37030D9F1CEEEC6000283BEE /* Products */,
			);
			sourceTree = "<group>";
		};
		37030D9F1CEEEC6000283BEE /* Products */ = {
			isa = PBXGroup;
			children = (
				37030D9E1CEEEC6000283BEE /* DemoOfTableAndCollectionView.app */,
				37030DB21CEEEC6200283BEE /* DemoOfTableAndCollectionViewTests.xctest */,
				37030DBD1CEEEC6200283BEE /* DemoOfTableAndCollectionViewUITests.xctest */,
			);
			name = Products;
			sourceTree = "<group>";
		};
		37030DA01CEEEC6100283BEE /* DemoOfTableAndCollectionView */ = {
			isa = PBXGroup;
			children = (
				37030DA11CEEEC6100283BEE /* AppDelegate.swift */,
				37030DA31CEEEC6100283BEE /* ViewController.swift */,
				37519C101CF2EBC200B9A29F /* DetailViewController.swift */,
				37030DCF1CEEF45100283BEE /* MyTableViewCell.swift */,
				37030DA51CEEEC6100283BEE /* Main.storyboard */,
				37030DA81CEEEC6100283BEE /* Assets.xcassets */,
				37030DAA1CEEEC6100283BEE /* LaunchScreen.storyboard */,
				37030DAD1CEEEC6100283BEE /* Info.plist */,
			);
			path = DemoOfTableAndCollectionView;
			sourceTree = "<group>";
		};
		37030DB51CEEEC6200283BEE /* DemoOfTableAndCollectionViewTests */ = {
			isa = PBXGroup;
			children = (
				37030DB61CEEEC6200283BEE /* DemoOfTableAndCollectionViewTests.swift */,
				37030DB81CEEEC6200283BEE /* Info.plist */,
			);
			path = DemoOfTableAndCollectionViewTests;
			sourceTree = "<group>";
		};
		37030DC01CEEEC6200283BEE /* DemoOfTableAndCollectionViewUITests */ = {
			isa = PBXGroup;
			children = (
				37030DC11CEEEC6200283BEE /* DemoOfTableAndCollectionViewUITests.swift */,
				37030DC31CEEEC6200283BEE /* Info.plist */,
			);
			path = DemoOfTableAndCollectionViewUITests;
			sourceTree = "<group>";
		};
/* End PBXGroup section */

/* Begin PBXNativeTarget section */
		37030D9D1CEEEC6000283BEE /* DemoOfTableAndCollectionView */ = {
			isa = PBXNativeTarget;
			buildConfigurationList = 37030DC61CEEEC6200283BEE /* Build configuration list for PBXNativeTarget "DemoOfTableAndCollectionView" */;
			buildPhases = (
				37030D9A1CEEEC6000283BEE /* Sources */,
				37030D9B1CEEEC6000283BEE /* Frameworks */,
				37030D9C1CEEEC6000283BEE /* Resources */,
			);
			buildRules = (
			);
			dependencies = (
			);
			name = DemoOfTableAndCollectionView;
			productName = DemoOfTableAndCollectionView;
			productReference = 37030D9E1CEEEC6000283BEE /* DemoOfTableAndCollectionView.app */;
			productType = "com.apple.product-type.application";
		};
		37030DB11CEEEC6200283BEE /* DemoOfTableAndCollectionViewTests */ = {
			isa = PBXNativeTarget;
			buildConfigurationList = 37030DC91CEEEC6200283BEE /* Build configuration list for PBXNativeTarget "DemoOfTableAndCollectionViewTests" */;
			buildPhases = (
				37030DAE1CEEEC6200283BEE /* Sources */,
				37030DAF1CEEEC6200283BEE /* Frameworks */,
				37030DB01CEEEC6200283BEE /* Resources */,
			);
			buildRules = (
			);
			dependencies = (
				37030DB41CEEEC6200283BEE /* PBXTargetDependency */,
			);
			name = DemoOfTableAndCollectionViewTests;
			productName = DemoOfTableAndCollectionViewTests;
			productReference = 37030DB21CEEEC6200283BEE /* DemoOfTableAndCollectionViewTests.xctest */;
			productType = "com.apple.product-type.bundle.unit-test";
		};
		37030DBC1CEEEC6200283BEE /* DemoOfTableAndCollectionViewUITests */ = {
			isa = PBXNativeTarget;
			buildConfigurationList = 37030DCC1CEEEC6200283BEE /* Build configuration list for PBXNativeTarget "DemoOfTableAndCollectionViewUITests" */;
			buildPhases = (
				37030DB91CEEEC6200283BEE /* Sources */,
				37030DBA1CEEEC6200283BEE /* Frameworks */,
				37030DBB1CEEEC6200283BEE /* Resources */,
			);
			buildRules = (
			);
			dependencies = (
				37030DBF1CEEEC6200283BEE /* PBXTargetDependency */,
			);
			name = DemoOfTableAndCollectionViewUITests;
			productName = DemoOfTableAndCollectionViewUITests;
			productReference = 37030DBD1CEEEC6200283BEE /* DemoOfTableAndCollectionViewUITests.xctest */;
			productType = "com.apple.product-type.bundle.ui-testing";
		};
/* End PBXNativeTarget section */

/* Begin PBXProject section */
		37030D961CEEEC6000283BEE /* Project object */ = {
			isa = PBXProject;
			attributes = {
				LastSwiftUpdateCheck = 0730;
				LastUpgradeCheck = 0730;
				ORGANIZATIONNAME = kvanaMini1;
				TargetAttributes = {
					37030D9D1CEEEC6000283BEE = {
						CreatedOnToolsVersion = 7.3.1;
					};
					37030DB11CEEEC6200283BEE = {
						CreatedOnToolsVersion = 7.3.1;
						DevelopmentTeam = JYBV57ZJUU;
						TestTargetID = 37030D9D1CEEEC6000283BEE;
					};
					37030DBC1CEEEC6200283BEE = {
						CreatedOnToolsVersion = 7.3.1;
						DevelopmentTeam = JYBV57ZJUU;
						TestTargetID = 37030D9D1CEEEC6000283BEE;
					};
				};
			};
			buildConfigurationList = 37030D991CEEEC6000283BEE /* Build configuration list for PBXProject "DemoOfTableAndCollectionView" */;
			compatibilityVersion = "Xcode 3.2";
			developmentRegion = English;
			hasScannedForEncodings = 0;
			knownRegions = (
				en,
				Base,
			);
			mainGroup = 37030D951CEEEC6000283BEE;
			productRefGroup = 37030D9F1CEEEC6000283BEE /* Products */;
			projectDirPath = "";
			projectRoot = "";
			targets = (
				37030D9D1CEEEC6000283BEE /* DemoOfTableAndCollectionView */,
				37030DB11CEEEC6200283BEE /* DemoOfTableAndCollectionViewTests */,
				37030DBC1CEEEC6200283BEE /* DemoOfTableAndCollectionViewUITests */,
			);
		};
/* End PBXProject section */

/* Begin PBXResourcesBuildPhase section */
		37030D9C1CEEEC6000283BEE /* Resources */ = {
			isa = PBXResourcesBuildPhase;
			buildActionMask = 2147483647;
			files = (
				37030DAC1CEEEC6100283BEE /* LaunchScreen.storyboard in Resources */,
				37030DA91CEEEC6100283BEE /* Assets.xcassets in Resources */,
				37030DA71CEEEC6100283BEE /* Main.storyboard in Resources */,
			);
			runOnlyForDeploymentPostprocessing = 0;
		};
		37030DB01CEEEC6200283BEE /* Resources */ = {
			isa = PBXResourcesBuildPhase;
			buildActionMask = 2147483647;
			files = (
			);
			runOnlyForDeploymentPostprocessing = 0;
		};
		37030DBB1CEEEC6200283BEE /* Resources */ = {
			isa = PBXResourcesBuildPhase;
			buildActionMask = 2147483647;
			files = (
			);
			runOnlyForDeploymentPostprocessing = 0;
		};
/* End PBXResourcesBuildPhase section */

/* Begin PBXSourcesBuildPhase section */
		37030D9A1CEEEC6000283BEE /* Sources */ = {
			isa = PBXSourcesBuildPhase;
			buildActionMask = 2147483647;
			files = (
				37030DA41CEEEC6100283BEE /* ViewController.swift in Sources */,
				37030DA21CEEEC6100283BEE /* AppDelegate.swift in Sources */,
				37030DD01CEEF45100283BEE /* MyTableViewCell.swift in Sources */,
				37519C111CF2EBC200B9A29F /* DetailViewController.swift in Sources */,
			);
			runOnlyForDeploymentPostprocessing = 0;
		};
		37030DAE1CEEEC6200283BEE /* Sources */ = {
			isa = PBXSourcesBuildPhase;
			buildActionMask = 2147483647;
			files = (
				37030DB71CEEEC6200283BEE /* DemoOfTableAndCollectionViewTests.swift in Sources */,
			);
			runOnlyForDeploymentPostprocessing = 0;
		};
		37030DB91CEEEC6200283BEE /* Sources */ = {
			isa = PBXSourcesBuildPhase;
			buildActionMask = 2147483647;
			files = (
				37030DC21CEEEC6200283BEE /* DemoOfTableAndCollectionViewUITests.swift in Sources */,
			);
			runOnlyForDeploymentPostprocessing = 0;
		};
/* End PBXSourcesBuildPhase section */

/* Begin PBXTargetDependency section */
		37030DB41CEEEC6200283BEE /* PBXTargetDependency */ = {
			isa = PBXTargetDependency;
			target = 37030D9D1CEEEC6000283BEE /* DemoOfTableAndCollectionView */;
			targetProxy = 37030DB31CEEEC6200283BEE /* PBXContainerItemProxy */;
		};
		37030DBF1CEEEC6200283BEE /* PBXTargetDependency */ = {
			isa = PBXTargetDependency;
			target = 37030D9D1CEEEC6000283BEE /* DemoOfTableAndCollectionView */;
			targetProxy = 37030DBE1CEEEC6200283BEE /* PBXContainerItemProxy */;
		};
/* End PBXTargetDependency section */

/* Begin PBXVariantGroup section */
		37030DA51CEEEC6100283BEE /* Main.storyboard */ = {
			isa = PBXVariantGroup;
			children = (
				37030DA61CEEEC6100283BEE /* Base */,
			);
			name = Main.storyboard;
			sourceTree = "<group>";
		};
		37030DAA1CEEEC6100283BEE /* LaunchScreen.storyboard */ = {
			isa = PBXVariantGroup;
			children = (
				37030DAB1CEEEC6100283BEE /* Base */,
			);
			name = LaunchScreen.storyboard;
			sourceTree = "<group>";
		};
/* End PBXVariantGroup section */

/* Begin XCBuildConfiguration section */
		37030DC41CEEEC6200283BEE /* Debug */ = {
			isa = XCBuildConfiguration;
			buildSettings = {
				ALWAYS_SEARCH_USER_PATHS = NO;
				CLANG_ANALYZER_NONNULL = YES;
				CLANG_CXX_LANGUAGE_STANDARD = "gnu++0x";
				CLANG_CXX_LIBRARY = "libc++";
				CLANG_ENABLE_MODULES = YES;
				CLANG_ENABLE_OBJC_ARC = YES;
				CLANG_WARN_BOOL_CONVERSION = YES;
				CLANG_WARN_CONSTANT_CONVERSION = YES;
				CLANG_WARN_DIRECT_OBJC_ISA_USAGE = YES_ERROR;
				CLANG_WARN_EMPTY_BODY = YES;
				CLANG_WARN_ENUM_CONVERSION = YES;
				CLANG_WARN_INT_CONVERSION = YES;
				CLANG_WARN_OBJC_ROOT_CLASS = YES_ERROR;
				CLANG_WARN_UNREACHABLE_CODE = YES;
				CLANG_WARN__DUPLICATE_METHOD_MATCH = YES;
				"CODE_SIGN_IDENTITY[sdk=iphoneos*]" = "iPhone Developer";
				COPY_PHASE_STRIP = NO;
				DEBUG_INFORMATION_FORMAT = dwarf;
				ENABLE_STRICT_OBJC_MSGSEND = YES;
				ENABLE_TESTABILITY = YES;
				GCC_C_LANGUAGE_STANDARD = gnu99;
				GCC_DYNAMIC_NO_PIC = NO;
				GCC_NO_COMMON_BLOCKS = YES;
				GCC_OPTIMIZATION_LEVEL = 0;
				GCC_PREPROCESSOR_DEFINITIONS = (
					"DEBUG=1",
					"$(inherited)",
				);
				GCC_WARN_64_TO_32_BIT_CONVERSION = YES;
				GCC_WARN_ABOUT_RETURN_TYPE = YES_ERROR;
				GCC_WARN_UNDECLARED_SELECTOR = YES;
				GCC_WARN_UNINITIALIZED_AUTOS = YES_AGGRESSIVE;
				GCC_WARN_UNUSED_FUNCTION = YES;
				GCC_WARN_UNUSED_VARIABLE = YES;
				IPHONEOS_DEPLOYMENT_TARGET = 9.3;
				MTL_ENABLE_DEBUG_INFO = YES;
				ONLY_ACTIVE_ARCH = YES;
				SDKROOT = iphoneos;
				SWIFT_OPTIMIZATION_LEVEL = "-Onone";
				TARGETED_DEVICE_FAMILY = "1,2";
			};
			name = Debug;
		};
		37030DC51CEEEC6200283BEE /* Release */ = {
			isa = XCBuildConfiguration;
			buildSettings = {
				ALWAYS_SEARCH_USER_PATHS = NO;
				CLANG_ANALYZER_NONNULL = YES;
				CLANG_CXX_LANGUAGE_STANDARD = "gnu++0x";
				CLANG_CXX_LIBRARY = "libc++";
				CLANG_ENABLE_MODULES = YES;
				CLANG_ENABLE_OBJC_ARC = YES;
				CLANG_WARN_BOOL_CONVERSION = YES;
				CLANG_WARN_CONSTANT_CONVERSION = YES;
				CLANG_WARN_DIRECT_OBJC_ISA_USAGE = YES_ERROR;
				CLANG_WARN_EMPTY_BODY = YES;
				CLANG_WARN_ENUM_CONVERSION = YES;
				CLANG_WARN_INT_CONVERSION = YES;
				CLANG_WARN_OBJC_ROOT_CLASS = YES_ERROR;
				CLANG_WARN_UNREACHABLE_CODE = YES;
				CLANG_WARN__DUPLICATE_METHOD_MATCH = YES;
				"CODE_SIGN_IDENTITY[sdk=iphoneos*]" = "iPhone Developer";
				COPY_PHASE_STRIP = NO;
				DEBUG_INFORMATION_FORMAT = "dwarf-with-dsym";
				ENABLE_NS_ASSERTIONS = NO;
				ENABLE_STRICT_OBJC_MSGSEND = YES;
				GCC_C_LANGUAGE_STANDARD = gnu99;
				GCC_NO_COMMON_BLOCKS = YES;
				GCC_WARN_64_TO_32_BIT_CONVERSION = YES;
				GCC_WARN_ABOUT_RETURN_TYPE = YES_ERROR;
				GCC_WARN_UNDECLARED_SELECTOR = YES;
				GCC_WARN_UNINITIALIZED_AUTOS = YES_AGGRESSIVE;
				GCC_WARN_UNUSED_FUNCTION = YES;
				GCC_WARN_UNUSED_VARIABLE = YES;
				IPHONEOS_DEPLOYMENT_TARGET = 9.3;
				MTL_ENABLE_DEBUG_INFO = NO;
				SDKROOT = iphoneos;
				TARGETED_DEVICE_FAMILY = "1,2";
				VALIDATE_PRODUCT = YES;
			};
			name = Release;
		};
		37030DC71CEEEC6200283BEE /* Debug */ = {
			isa = XCBuildConfiguration;
			buildSettings = {
				ASSETCATALOG_COMPILER_APPICON_NAME = AppIcon;
				CODE_SIGN_IDENTITY = "iPhone Developer";
				INFOPLIST_FILE = DemoOfTableAndCollectionView/Info.plist;
				IPHONEOS_DEPLOYMENT_TARGET = 9.3;
				LD_RUNPATH_SEARCH_PATHS = "$(inherited) @executable_path/Frameworks";
				PRODUCT_BUNDLE_IDENTIFIER = com.kvana.DemoOfTableAndCollectionView;
				PRODUCT_NAME = "$(TARGET_NAME)";
			};
			name = Debug;
		};
		37030DC81CEEEC6200283BEE /* Release */ = {
			isa = XCBuildConfiguration;
			buildSettings = {
				ASSETCATALOG_COMPILER_APPICON_NAME = AppIcon;
				CODE_SIGN_IDENTITY = "iPhone Developer";
				INFOPLIST_FILE = DemoOfTableAndCollectionView/Info.plist;
				IPHONEOS_DEPLOYMENT_TARGET = 9.3;
				LD_RUNPATH_SEARCH_PATHS = "$(inherited) @executable_path/Frameworks";
				PRODUCT_BUNDLE_IDENTIFIER = com.kvana.DemoOfTableAndCollectionView;
				PRODUCT_NAME = "$(TARGET_NAME)";
			};
			name = Release;
		};
		37030DCA1CEEEC6200283BEE /* Debug */ = {
			isa = XCBuildConfiguration;
			buildSettings = {
				BUNDLE_LOADER = "$(TEST_HOST)";
				INFOPLIST_FILE = DemoOfTableAndCollectionViewTests/Info.plist;
				LD_RUNPATH_SEARCH_PATHS = "$(inherited) @executable_path/Frameworks @loader_path/Frameworks";
				PRODUCT_BUNDLE_IDENTIFIER = com.kvana.DemoOfTableAndCollectionViewTests;
				PRODUCT_NAME = "$(TARGET_NAME)";
				TEST_HOST = "$(BUILT_PRODUCTS_DIR)/DemoOfTableAndCollectionView.app/DemoOfTableAndCollectionView";
			};
			name = Debug;
		};
		37030DCB1CEEEC6200283BEE /* Release */ = {
			isa = XCBuildConfiguration;
			buildSettings = {
				BUNDLE_LOADER = "$(TEST_HOST)";
				INFOPLIST_FILE = DemoOfTableAndCollectionViewTests/Info.plist;
				LD_RUNPATH_SEARCH_PATHS = "$(inherited) @executable_path/Frameworks @loader_path/Frameworks";
				PRODUCT_BUNDLE_IDENTIFIER = com.kvana.DemoOfTableAndCollectionViewTests;
				PRODUCT_NAME = "$(TARGET_NAME)";
				TEST_HOST = "$(BUILT_PRODUCTS_DIR)/DemoOfTableAndCollectionView.app/DemoOfTableAndCollectionView";
			};
			name = Release;
		};
		37030DCD1CEEEC6200283BEE /* Debug */ = {
			isa = XCBuildConfiguration;
			buildSettings = {
				INFOPLIST_FILE = DemoOfTableAndCollectionViewUITests/Info.plist;
				LD_RUNPATH_SEARCH_PATHS = "$(inherited) @executable_path/Frameworks @loader_path/Frameworks";
				PRODUCT_BUNDLE_IDENTIFIER = com.kvana.DemoOfTableAndCollectionViewUITests;
				PRODUCT_NAME = "$(TARGET_NAME)";
				TEST_TARGET_NAME = DemoOfTableAndCollectionView;
			};
			name = Debug;
		};
		37030DCE1CEEEC6200283BEE /* Release */ = {
			isa = XCBuildConfiguration;
			buildSettings = {
				INFOPLIST_FILE = DemoOfTableAndCollectionViewUITests/Info.plist;
				LD_RUNPATH_SEARCH_PATHS = "$(inherited) @executable_path/Frameworks @loader_path/Frameworks";
				PRODUCT_BUNDLE_IDENTIFIER = com.kvana.DemoOfTableAndCollectionViewUITests;
				PRODUCT_NAME = "$(TARGET_NAME)";
				TEST_TARGET_NAME = DemoOfTableAndCollectionView;
			};
			name = Release;
		};
/* End XCBuildConfiguration section */

/* Begin XCConfigurationList section */
		37030D991CEEEC6000283BEE /* Build configuration list for PBXProject "DemoOfTableAndCollectionView" */ = {
			isa = XCConfigurationList;
			buildConfigurations = (
				37030DC41CEEEC6200283BEE /* Debug */,
				37030DC51CEEEC6200283BEE /* Release */,
			);
			defaultConfigurationIsVisible = 0;
			defaultConfigurationName = Release;
		};
		37030DC61CEEEC6200283BEE /* Build configuration list for PBXNativeTarget "DemoOfTableAndCollectionView" */ = {
			isa = XCConfigurationList;
			buildConfigurations = (
				37030DC71CEEEC6200283BEE /* Debug */,
				37030DC81CEEEC6200283BEE /* Release */,
			);
			defaultConfigurationIsVisible = 0;
			defaultConfigurationName = Release;
		};
		37030DC91CEEEC6200283BEE /* Build configuration list for PBXNativeTarget "DemoOfTableAndCollectionViewTests" */ = {
			isa = XCConfigurationList;
			buildConfigurations = (
				37030DCA1CEEEC6200283BEE /* Debug */,
				37030DCB1CEEEC6200283BEE /* Release */,
			);
			defaultConfigurationIsVisible = 0;
			defaultConfigurationName = Release;
		};
		37030DCC1CEEEC6200283BEE /* Build configuration list for PBXNativeTarget "DemoOfTableAndCollectionViewUITests" */ = {
			isa = XCConfigurationList;
			buildConfigurations = (
				37030DCD1CEEEC6200283BEE /* Debug */,
				37030DCE1CEEEC6200283BEE /* Release */,
			);
			defaultConfigurationIsVisible = 0;
			defaultConfigurationName = Release;
		};
/* End XCConfigurationList section */
	};
	rootObject = 37030D961CEEEC6000283BEE /* Project object */;
}
